// !$*UTF8*$!
{
	archiveVersion = 1;
	classes = {
	};
	objectVersion = 46;
	objects = {

/* Begin PBXBuildFile section */
		1D3623260D0F684500981E51 /* tetestAppDelegate.m in Sources */ = {isa = PBXBuildFile; fileRef = 1D3623250D0F684500981E51 /* tetestAppDelegate.m */; };
		1D60589B0D05DD56006BFB54 /* main.m in Sources */ = {isa = PBXBuildFile; fileRef = 29B97316FDCFA39411CA2CEA /* main.m */; };
		1D60589F0D05DD5A006BFB54 /* Foundation.framework in Frameworks */ = {isa = PBXBuildFile; fileRef = 1D30AB110D05D00D00671497 /* Foundation.framework */; };
		1DF5F4E00D08C38300B7A737 /* UIKit.framework in Frameworks */ = {isa = PBXBuildFile; fileRef = 1DF5F4DF0D08C38300B7A737 /* UIKit.framework */; };
		288765A50DF7441C002DB57D /* CoreGraphics.framework in Frameworks */ = {isa = PBXBuildFile; fileRef = 288765A40DF7441C002DB57D /* CoreGraphics.framework */; };
		2899E5220DE3E06400AC0155 /* tetestViewController.xib in Resources */ = {isa = PBXBuildFile; fileRef = 2899E5210DE3E06400AC0155 /* tetestViewController.xib */; };
		28AD733F0D9D9553002E5188 /* MainWindow.xib in Resources */ = {isa = PBXBuildFile; fileRef = 28AD733E0D9D9553002E5188 /* MainWindow.xib */; };
		28D7ACF80DDB3853001CB0EB /* tetestViewController.m in Sources */ = {isa = PBXBuildFile; fileRef = 28D7ACF70DDB3853001CB0EB /* tetestViewController.m */; };
		30007D51162B5857001C195D /* SMTEDelegateController.h in Resources */ = {isa = PBXBuildFile; fileRef = 30007D50162B5857001C195D /* SMTEDelegateController.h */; };
		30007D52162B5857001C195D /* SMTEDelegateController.h in Resources */ = {isa = PBXBuildFile; fileRef = 30007D50162B5857001C195D /* SMTEDelegateController.h */; };
		30334ACC16022BC800B3AEC4 /* Default-568h@2x.png in Resources */ = {isa = PBXBuildFile; fileRef = 30334ACB16022BC800B3AEC4 /* Default-568h@2x.png */; };
		30649EFF0FE6D3BF00564EF3 /* AudioToolbox.framework in Frameworks */ = {isa = PBXBuildFile; fileRef = 30649EFE0FE6D3BF00564EF3 /* AudioToolbox.framework */; };
		30A9A76C159F678E00227155 /* TextExpander.framework in Frameworks */ = {isa = PBXBuildFile; fileRef = 30A9A76B159F678E00227155 /* TextExpander.framework */; };
		30A9A76D159F678E00227155 /* TextExpander.framework in Frameworks */ = {isa = PBXBuildFile; fileRef = 30A9A76B159F678E00227155 /* TextExpander.framework */; };
		30C17F6510423D7C0029B7BB /* Icon.png in Resources */ = {isa = PBXBuildFile; fileRef = 30C17F6410423D7C0029B7BB /* Icon.png */; };
		30C17FD41042480C0029B7BB /* Default.textexpander in Resources */ = {isa = PBXBuildFile; fileRef = 30C17FD31042480C0029B7BB /* Default.textexpander */; };
		30EE2D0D112096A2002FAEB8 /* Icon.png in Resources */ = {isa = PBXBuildFile; fileRef = 30C17F6410423D7C0029B7BB /* Icon.png */; };
		30EE2D0E112096A2002FAEB8 /* Default.textexpander in Resources */ = {isa = PBXBuildFile; fileRef = 30C17FD31042480C0029B7BB /* Default.textexpander */; };
		30EE2D10112096A2002FAEB8 /* main.m in Sources */ = {isa = PBXBuildFile; fileRef = 29B97316FDCFA39411CA2CEA /* main.m */; };
		30EE2D11112096A2002FAEB8 /* tetestAppDelegate.m in Sources */ = {isa = PBXBuildFile; fileRef = 1D3623250D0F684500981E51 /* tetestAppDelegate.m */; };
		30EE2D12112096A2002FAEB8 /* tetestViewController.m in Sources */ = {isa = PBXBuildFile; fileRef = 28D7ACF70DDB3853001CB0EB /* tetestViewController.m */; };
		30EE2D14112096A2002FAEB8 /* Foundation.framework in Frameworks */ = {isa = PBXBuildFile; fileRef = 1D30AB110D05D00D00671497 /* Foundation.framework */; };
		30EE2D15112096A2002FAEB8 /* UIKit.framework in Frameworks */ = {isa = PBXBuildFile; fileRef = 1DF5F4DF0D08C38300B7A737 /* UIKit.framework */; };
		30EE2D16112096A2002FAEB8 /* CoreGraphics.framework in Frameworks */ = {isa = PBXBuildFile; fileRef = 288765A40DF7441C002DB57D /* CoreGraphics.framework */; };
		30EE2D17112096A2002FAEB8 /* AudioToolbox.framework in Frameworks */ = {isa = PBXBuildFile; fileRef = 30649EFE0FE6D3BF00564EF3 /* AudioToolbox.framework */; };
		30EE2D21112096A3002FAEB8 /* MainWindow.xib in Resources */ = {isa = PBXBuildFile; fileRef = 30EE2D1F112096A3002FAEB8 /* MainWindow.xib */; };
		30EE2D22112096A3002FAEB8 /* tetestViewController.xib in Resources */ = {isa = PBXBuildFile; fileRef = 30EE2D20112096A3002FAEB8 /* tetestViewController.xib */; };
		D383758D16D8367000EC7469 /* CoreText.framework in Frameworks */ = {isa = PBXBuildFile; fileRef = D3E925161651A3550001AAEB /* CoreText.framework */; };
		D3AC20181729B47F009B2E99 /* tetestInputAccessoryView.m in Sources */ = {isa = PBXBuildFile; fileRef = D3AC20171729B47F009B2E99 /* tetestInputAccessoryView.m */; };
		D3AC20191729B47F009B2E99 /* tetestInputAccessoryView.m in Sources */ = {isa = PBXBuildFile; fileRef = D3AC20171729B47F009B2E99 /* tetestInputAccessoryView.m */; };
		D3E925171651A3550001AAEB /* CoreText.framework in Frameworks */ = {isa = PBXBuildFile; fileRef = D3E925161651A3550001AAEB /* CoreText.framework */; };
		D3F7A8EA16F8EB960040C3AD /* SMTEHTMLEditorController.m in Sources */ = {isa = PBXBuildFile; fileRef = D3F7A8E816F8EB960040C3AD /* SMTEHTMLEditorController.m */; };
		D3F7A8EC16F91A410040C3AD /* SMTEHTMLEditorController.m in Sources */ = {isa = PBXBuildFile; fileRef = D3F7A8E816F8EB960040C3AD /* SMTEHTMLEditorController.m */; };
/* End PBXBuildFile section */

/* Begin PBXFileReference section */
		1D30AB110D05D00D00671497 /* Foundation.framework */ = {isa = PBXFileReference; lastKnownFileType = wrapper.framework; name = Foundation.framework; path = System/Library/Frameworks/Foundation.framework; sourceTree = SDKROOT; };
		1D3623240D0F684500981E51 /* tetestAppDelegate.h */ = {isa = PBXFileReference; fileEncoding = 4; lastKnownFileType = sourcecode.c.h; path = tetestAppDelegate.h; sourceTree = "<group>"; };
		1D3623250D0F684500981E51 /* tetestAppDelegate.m */ = {isa = PBXFileReference; fileEncoding = 4; lastKnownFileType = sourcecode.c.objc; path = tetestAppDelegate.m; sourceTree = "<group>"; };
		1D6058910D05DD3D006BFB54 /* tetest.app */ = {isa = PBXFileReference; explicitFileType = wrapper.application; includeInIndex = 0; path = tetest.app; sourceTree = BUILT_PRODUCTS_DIR; };
		1DF5F4DF0D08C38300B7A737 /* UIKit.framework */ = {isa = PBXFileReference; lastKnownFileType = wrapper.framework; name = UIKit.framework; path = System/Library/Frameworks/UIKit.framework; sourceTree = SDKROOT; };
		288765A40DF7441C002DB57D /* CoreGraphics.framework */ = {isa = PBXFileReference; lastKnownFileType = wrapper.framework; name = CoreGraphics.framework; path = System/Library/Frameworks/CoreGraphics.framework; sourceTree = SDKROOT; };
		2899E5210DE3E06400AC0155 /* tetestViewController.xib */ = {isa = PBXFileReference; lastKnownFileType = file.xib; path = tetestViewController.xib; sourceTree = "<group>"; };
		28AD733E0D9D9553002E5188 /* MainWindow.xib */ = {isa = PBXFileReference; lastKnownFileType = file.xib; path = MainWindow.xib; sourceTree = "<group>"; };
		28D7ACF60DDB3853001CB0EB /* tetestViewController.h */ = {isa = PBXFileReference; fileEncoding = 4; lastKnownFileType = sourcecode.c.h; path = tetestViewController.h; sourceTree = "<group>"; };
		28D7ACF70DDB3853001CB0EB /* tetestViewController.m */ = {isa = PBXFileReference; fileEncoding = 4; lastKnownFileType = sourcecode.c.objc; path = tetestViewController.m; sourceTree = "<group>"; };
		29B97316FDCFA39411CA2CEA /* main.m */ = {isa = PBXFileReference; fileEncoding = 4; lastKnownFileType = sourcecode.c.objc; path = main.m; sourceTree = "<group>"; };
		30007D50162B5857001C195D /* SMTEDelegateController.h */ = {isa = PBXFileReference; lastKnownFileType = sourcecode.c.h; name = SMTEDelegateController.h; path = ../TextExpander.framework/Headers/SMTEDelegateController.h; sourceTree = "<group>"; };
		301ED6670FEB537700654A7E /* READ ME.rtf */ = {isa = PBXFileReference; lastKnownFileType = text.rtf; path = "READ ME.rtf"; sourceTree = "<group>"; };
		30334ACB16022BC800B3AEC4 /* Default-568h@2x.png */ = {isa = PBXFileReference; lastKnownFileType = image.png; path = "Default-568h@2x.png"; sourceTree = "<group>"; };
		30649EFE0FE6D3BF00564EF3 /* AudioToolbox.framework */ = {isa = PBXFileReference; lastKnownFileType = wrapper.framework; name = AudioToolbox.framework; path = System/Library/Frameworks/AudioToolbox.framework; sourceTree = SDKROOT; };
		30A9A76B159F678E00227155 /* TextExpander.framework */ = {isa = PBXFileReference; lastKnownFileType = wrapper.framework; path = TextExpander.framework; sourceTree = "<group>"; };
		30C17F6410423D7C0029B7BB /* Icon.png */ = {isa = PBXFileReference; lastKnownFileType = image.png; path = Icon.png; sourceTree = "<group>"; };
		30C17FD31042480C0029B7BB /* Default.textexpander */ = {isa = PBXFileReference; fileEncoding = 4; lastKnownFileType = text.xml; path = Default.textexpander; sourceTree = "<group>"; };
		30EE2D1C112096A2002FAEB8 /* tetest-iPad.app */ = {isa = PBXFileReference; explicitFileType = wrapper.application; includeInIndex = 0; path = "tetest-iPad.app"; sourceTree = BUILT_PRODUCTS_DIR; };
		30EE2D1F112096A3002FAEB8 /* MainWindow.xib */ = {isa = PBXFileReference; lastKnownFileType = file.xib; name = MainWindow.xib; path = "Resources-iPad/MainWindow.xib"; sourceTree = "<group>"; };
		30EE2D20112096A3002FAEB8 /* tetestViewController.xib */ = {isa = PBXFileReference; lastKnownFileType = file.xib; name = tetestViewController.xib; path = "Resources-iPad/tetestViewController.xib"; sourceTree = "<group>"; };
		32CA4F630368D1EE00C91783 /* tetest_Prefix.pch */ = {isa = PBXFileReference; fileEncoding = 4; lastKnownFileType = sourcecode.c.h; path = tetest_Prefix.pch; sourceTree = "<group>"; };
		8D1107310486CEB800E47090 /* tetest-Info.plist */ = {isa = PBXFileReference; fileEncoding = 4; lastKnownFileType = text.plist.xml; path = "tetest-Info.plist"; plistStructureDefinitionIdentifier = "com.apple.xcode.plist.structure-definition.iphone.info-plist"; sourceTree = "<group>"; };
		D3AC20161729B47F009B2E99 /* tetestInputAccessoryView.h */ = {isa = PBXFileReference; fileEncoding = 4; lastKnownFileType = sourcecode.c.h; path = tetestInputAccessoryView.h; sourceTree = "<group>"; };
		D3AC20171729B47F009B2E99 /* tetestInputAccessoryView.m */ = {isa = PBXFileReference; fileEncoding = 4; lastKnownFileType = sourcecode.c.objc; path = tetestInputAccessoryView.m; sourceTree = "<group>"; };
		D3E925161651A3550001AAEB /* CoreText.framework */ = {isa = PBXFileReference; lastKnownFileType = wrapper.framework; name = CoreText.framework; path = System/Library/Frameworks/CoreText.framework; sourceTree = SDKROOT; };
		D3F7A8E716F8EB960040C3AD /* SMTEHTMLEditorController.h */ = {isa = PBXFileReference; fileEncoding = 4; lastKnownFileType = sourcecode.c.h; path = SMTEHTMLEditorController.h; sourceTree = "<group>"; };
		D3F7A8E816F8EB960040C3AD /* SMTEHTMLEditorController.m */ = {isa = PBXFileReference; fileEncoding = 4; lastKnownFileType = sourcecode.c.objc; path = SMTEHTMLEditorController.m; sourceTree = "<group>"; };
/* End PBXFileReference section */

/* Begin PBXFrameworksBuildPhase section */
		1D60588F0D05DD3D006BFB54 /* Frameworks */ = {
			isa = PBXFrameworksBuildPhase;
			buildActionMask = 2147483647;
			files = (
				D3E925171651A3550001AAEB /* CoreText.framework in Frameworks */,
				1D60589F0D05DD5A006BFB54 /* Foundation.framework in Frameworks */,
				1DF5F4E00D08C38300B7A737 /* UIKit.framework in Frameworks */,
				288765A50DF7441C002DB57D /* CoreGraphics.framework in Frameworks */,
				30649EFF0FE6D3BF00564EF3 /* AudioToolbox.framework in Frameworks */,
				30A9A76C159F678E00227155 /* TextExpander.framework in Frameworks */,
			);
			runOnlyForDeploymentPostprocessing = 0;
		};
		30EE2D13112096A2002FAEB8 /* Frameworks */ = {
			isa = PBXFrameworksBuildPhase;
			buildActionMask = 2147483647;
			files = (
				D383758D16D8367000EC7469 /* CoreText.framework in Frameworks */,
				30EE2D14112096A2002FAEB8 /* Foundation.framework in Frameworks */,
				30EE2D15112096A2002FAEB8 /* UIKit.framework in Frameworks */,
				30EE2D16112096A2002FAEB8 /* CoreGraphics.framework in Frameworks */,
				30EE2D17112096A2002FAEB8 /* AudioToolbox.framework in Frameworks */,
				30A9A76D159F678E00227155 /* TextExpander.framework in Frameworks */,
			);
			runOnlyForDeploymentPostprocessing = 0;
		};
/* End PBXFrameworksBuildPhase section */

/* Begin PBXGroup section */
		080E96DDFE201D6D7F000001 /* Classes */ = {
			isa = PBXGroup;
			children = (
				30007D50162B5857001C195D /* SMTEDelegateController.h */,
				1D3623240D0F684500981E51 /* tetestAppDelegate.h */,
				1D3623250D0F684500981E51 /* tetestAppDelegate.m */,
				28D7ACF60DDB3853001CB0EB /* tetestViewController.h */,
				28D7ACF70DDB3853001CB0EB /* tetestViewController.m */,
				D3F7A8E716F8EB960040C3AD /* SMTEHTMLEditorController.h */,
				D3F7A8E816F8EB960040C3AD /* SMTEHTMLEditorController.m */,
				D3AC20161729B47F009B2E99 /* tetestInputAccessoryView.h */,
				D3AC20171729B47F009B2E99 /* tetestInputAccessoryView.m */,
			);
			path = Classes;
			sourceTree = "<group>";
		};
		19C28FACFE9D520D11CA2CBB /* Products */ = {
			isa = PBXGroup;
			children = (
				1D6058910D05DD3D006BFB54 /* tetest.app */,
				30EE2D1C112096A2002FAEB8 /* tetest-iPad.app */,
			);
			name = Products;
			sourceTree = "<group>";
		};
		29B97314FDCFA39411CA2CEA /* CustomTemplate */ = {
			isa = PBXGroup;
			children = (
				301ED6670FEB537700654A7E /* READ ME.rtf */,
				080E96DDFE201D6D7F000001 /* Classes */,
				29B97315FDCFA39411CA2CEA /* Other Sources */,
				29B97317FDCFA39411CA2CEA /* Resources */,
				30EE2D1E112096A2002FAEB8 /* Resources-iPad */,
				29B97323FDCFA39411CA2CEA /* Frameworks */,
				19C28FACFE9D520D11CA2CBB /* Products */,
			);
			name = CustomTemplate;
			sourceTree = "<group>";
		};
		29B97315FDCFA39411CA2CEA /* Other Sources */ = {
			isa = PBXGroup;
			children = (
				32CA4F630368D1EE00C91783 /* tetest_Prefix.pch */,
				29B97316FDCFA39411CA2CEA /* main.m */,
			);
			name = "Other Sources";
			sourceTree = "<group>";
		};
		29B97317FDCFA39411CA2CEA /* Resources */ = {
			isa = PBXGroup;
			children = (
				30334ACB16022BC800B3AEC4 /* Default-568h@2x.png */,
				30C17FD31042480C0029B7BB /* Default.textexpander */,
				30C17F6410423D7C0029B7BB /* Icon.png */,
				2899E5210DE3E06400AC0155 /* tetestViewController.xib */,
				28AD733E0D9D9553002E5188 /* MainWindow.xib */,
				8D1107310486CEB800E47090 /* tetest-Info.plist */,
			);
			name = Resources;
			sourceTree = "<group>";
		};
		29B97323FDCFA39411CA2CEA /* Frameworks */ = {
			isa = PBXGroup;
			children = (
				30A9A76B159F678E00227155 /* TextExpander.framework */,
				30649EFE0FE6D3BF00564EF3 /* AudioToolbox.framework */,
				1DF5F4DF0D08C38300B7A737 /* UIKit.framework */,
				1D30AB110D05D00D00671497 /* Foundation.framework */,
				288765A40DF7441C002DB57D /* CoreGraphics.framework */,
				D3E925161651A3550001AAEB /* CoreText.framework */,
			);
			name = Frameworks;
			sourceTree = "<group>";
		};
		30EE2D1E112096A2002FAEB8 /* Resources-iPad */ = {
			isa = PBXGroup;
			children = (
				30EE2D1F112096A3002FAEB8 /* MainWindow.xib */,
				30EE2D20112096A3002FAEB8 /* tetestViewController.xib */,
			);
			name = "Resources-iPad";
			sourceTree = "<group>";
		};
/* End PBXGroup section */

/* Begin PBXNativeTarget section */
		1D6058900D05DD3D006BFB54 /* tetest */ = {
			isa = PBXNativeTarget;
			buildConfigurationList = 1D6058960D05DD3E006BFB54 /* Build configuration list for PBXNativeTarget "tetest" */;
			buildPhases = (
				1D60588D0D05DD3D006BFB54 /* Resources */,
				1D60588E0D05DD3D006BFB54 /* Sources */,
				1D60588F0D05DD3D006BFB54 /* Frameworks */,
			);
			buildRules = (
			);
			dependencies = (
			);
			name = tetest;
			productName = tetest;
			productReference = 1D6058910D05DD3D006BFB54 /* tetest.app */;
			productType = "com.apple.product-type.application";
		};
		30EE2D09112096A2002FAEB8 /* tetest-iPad */ = {
			isa = PBXNativeTarget;
			buildConfigurationList = 30EE2D19112096A2002FAEB8 /* Build configuration list for PBXNativeTarget "tetest-iPad" */;
			buildPhases = (
				30EE2D0A112096A2002FAEB8 /* Resources */,
				30EE2D0F112096A2002FAEB8 /* Sources */,
				30EE2D13112096A2002FAEB8 /* Frameworks */,
			);
			buildRules = (
			);
			dependencies = (
			);
			name = "tetest-iPad";
			productName = tetest;
			productReference = 30EE2D1C112096A2002FAEB8 /* tetest-iPad.app */;
			productType = "com.apple.product-type.application";
		};
/* End PBXNativeTarget section */

/* Begin PBXProject section */
		29B97313FDCFA39411CA2CEA /* Project object */ = {
			isa = PBXProject;
			attributes = {
				LastUpgradeCheck = 0450;
			};
			buildConfigurationList = C01FCF4E08A954540054247B /* Build configuration list for PBXProject "teTouchSDK" */;
			compatibilityVersion = "Xcode 3.2";
			developmentRegion = English;
			hasScannedForEncodings = 1;
			knownRegions = (
				English,
				Japanese,
				French,
				German,
			);
			mainGroup = 29B97314FDCFA39411CA2CEA /* CustomTemplate */;
			projectDirPath = "";
			projectRoot = ..;
			targets = (
				1D6058900D05DD3D006BFB54 /* tetest */,
				30EE2D09112096A2002FAEB8 /* tetest-iPad */,
			);
		};
/* End PBXProject section */

/* Begin PBXResourcesBuildPhase section */
		1D60588D0D05DD3D006BFB54 /* Resources */ = {
			isa = PBXResourcesBuildPhase;
			buildActionMask = 2147483647;
			files = (
				28AD733F0D9D9553002E5188 /* MainWindow.xib in Resources */,
				2899E5220DE3E06400AC0155 /* tetestViewController.xib in Resources */,
				30C17F6510423D7C0029B7BB /* Icon.png in Resources */,
				30C17FD41042480C0029B7BB /* Default.textexpander in Resources */,
				30334ACC16022BC800B3AEC4 /* Default-568h@2x.png in Resources */,
				30007D51162B5857001C195D /* SMTEDelegateController.h in Resources */,
			);
			runOnlyForDeploymentPostprocessing = 0;
		};
		30EE2D0A112096A2002FAEB8 /* Resources */ = {
			isa = PBXResourcesBuildPhase;
			buildActionMask = 2147483647;
			files = (
				30EE2D0D112096A2002FAEB8 /* Icon.png in Resources */,
				30EE2D0E112096A2002FAEB8 /* Default.textexpander in Resources */,
				30EE2D21112096A3002FAEB8 /* MainWindow.xib in Resources */,
				30EE2D22112096A3002FAEB8 /* tetestViewController.xib in Resources */,
				30007D52162B5857001C195D /* SMTEDelegateController.h in Resources */,
			);
			runOnlyForDeploymentPostprocessing = 0;
		};
/* End PBXResourcesBuildPhase section */

/* Begin PBXSourcesBuildPhase section */
		1D60588E0D05DD3D006BFB54 /* Sources */ = {
			isa = PBXSourcesBuildPhase;
			buildActionMask = 2147483647;
			files = (
				1D60589B0D05DD56006BFB54 /* main.m in Sources */,
				1D3623260D0F684500981E51 /* tetestAppDelegate.m in Sources */,
				28D7ACF80DDB3853001CB0EB /* tetestViewController.m in Sources */,
				D3F7A8EC16F91A410040C3AD /* SMTEHTMLEditorController.m in Sources */,
				D3AC20181729B47F009B2E99 /* tetestInputAccessoryView.m in Sources */,
			);
			runOnlyForDeploymentPostprocessing = 0;
		};
		30EE2D0F112096A2002FAEB8 /* Sources */ = {
			isa = PBXSourcesBuildPhase;
			buildActionMask = 2147483647;
			files = (
				30EE2D10112096A2002FAEB8 /* main.m in Sources */,
				30EE2D11112096A2002FAEB8 /* tetestAppDelegate.m in Sources */,
				30EE2D12112096A2002FAEB8 /* tetestViewController.m in Sources */,
				D3F7A8EA16F8EB960040C3AD /* SMTEHTMLEditorController.m in Sources */,
				D3AC20191729B47F009B2E99 /* tetestInputAccessoryView.m in Sources */,
			);
			runOnlyForDeploymentPostprocessing = 0;
		};
/* End PBXSourcesBuildPhase section */

/* Begin XCBuildConfiguration section */
		1D6058940D05DD3E006BFB54 /* Debug */ = {
			isa = XCBuildConfiguration;
			buildSettings = {
				ALWAYS_SEARCH_USER_PATHS = NO;
				COPY_PHASE_STRIP = NO;
				FRAMEWORK_SEARCH_PATHS = (
					"$(inherited)",
					"\"$(SRCROOT)\"",
				);
				GCC_DYNAMIC_NO_PIC = NO;
				GCC_OPTIMIZATION_LEVEL = 0;
				GCC_PRECOMPILE_PREFIX_HEADER = YES;
				GCC_PREFIX_HEADER = tetest_Prefix.pch;
				INFOPLIST_FILE = "tetest-Info.plist";
				IPHONEOS_DEPLOYMENT_TARGET = 5.1;
				PRODUCT_NAME = tetest;
				TARGETED_DEVICE_FAMILY = 1;
			};
			name = Debug;
		};
		1D6058950D05DD3E006BFB54 /* Release */ = {
			isa = XCBuildConfiguration;
			buildSettings = {
				ALWAYS_SEARCH_USER_PATHS = NO;
				COPY_PHASE_STRIP = YES;
				FRAMEWORK_SEARCH_PATHS = (
					"$(inherited)",
					"\"$(SRCROOT)\"",
				);
				GCC_PRECOMPILE_PREFIX_HEADER = YES;
				GCC_PREFIX_HEADER = tetest_Prefix.pch;
				INFOPLIST_FILE = "tetest-Info.plist";
				IPHONEOS_DEPLOYMENT_TARGET = 5.1;
				PRODUCT_NAME = tetest;
				TARGETED_DEVICE_FAMILY = 1;
			};
			name = Release;
		};
		30EE2D1A112096A2002FAEB8 /* Debug */ = {
			isa = XCBuildConfiguration;
			buildSettings = {
				ALWAYS_SEARCH_USER_PATHS = NO;
				COPY_PHASE_STRIP = NO;
				FRAMEWORK_SEARCH_PATHS = (
					"$(inherited)",
					"\"$(SRCROOT)\"",
				);
				GCC_DYNAMIC_NO_PIC = NO;
				GCC_OPTIMIZATION_LEVEL = 0;
				GCC_PRECOMPILE_PREFIX_HEADER = YES;
				GCC_PREFIX_HEADER = tetest_Prefix.pch;
				INFOPLIST_FILE = "tetest-Info.plist";
				IPHONEOS_DEPLOYMENT_TARGET = 5.1;
				PRODUCT_NAME = "tetest-iPad";
				SDKROOT = iphoneos;
				TARGETED_DEVICE_FAMILY = 2;
			};
			name = Debug;
		};
		30EE2D1B112096A2002FAEB8 /* Release */ = {
			isa = XCBuildConfiguration;
			buildSettings = {
				ALWAYS_SEARCH_USER_PATHS = NO;
				COPY_PHASE_STRIP = YES;
				FRAMEWORK_SEARCH_PATHS = (
					"$(inherited)",
					"\"$(SRCROOT)\"",
				);
				GCC_PRECOMPILE_PREFIX_HEADER = YES;
				GCC_PREFIX_HEADER = tetest_Prefix.pch;
				INFOPLIST_FILE = "tetest-Info.plist";
				IPHONEOS_DEPLOYMENT_TARGET = 5.1;
				PRODUCT_NAME = "tetest-iPad";
				SDKROOT = iphoneos;
				TARGETED_DEVICE_FAMILY = 2;
			};
			name = Release;
		};
		C01FCF4F08A954540054247B /* Debug */ = {
			isa = XCBuildConfiguration;
			buildSettings = {
				ARCHS = "$(ARCHS_STANDARD_32_BIT)";
				"CODE_SIGN_IDENTITY[sdk=iphoneos*]" = "iPhone Developer";
				GCC_C_LANGUAGE_STANDARD = c99;
				GCC_WARN_ABOUT_RETURN_TYPE = YES;
				GCC_WARN_UNUSED_VARIABLE = YES;
				"PROVISIONING_PROFILE[sdk=iphoneos*]" = "";
				SDKROOT = iphoneos;
			};
			name = Debug;
		};
		C01FCF5008A954540054247B /* Release */ = {
			isa = XCBuildConfiguration;
			buildSettings = {
				ARCHS = "$(ARCHS_STANDARD_32_BIT)";
				"CODE_SIGN_IDENTITY[sdk=iphoneos*]" = "iPhone Developer";
				GCC_C_LANGUAGE_STANDARD = c99;
				GCC_VERSION = com.apple.compilers.llvm.clang.1_0;
				GCC_WARN_ABOUT_RETURN_TYPE = YES;
				GCC_WARN_UNUSED_VARIABLE = YES;
				"PROVISIONING_PROFILE[sdk=iphoneos*]" = "";
				SDKROOT = iphoneos;
			};
			name = Release;
		};
/* End XCBuildConfiguration section */

/* Begin XCConfigurationList section */
		1D6058960D05DD3E006BFB54 /* Build configuration list for PBXNativeTarget "tetest" */ = {
			isa = XCConfigurationList;
			buildConfigurations = (
				1D6058940D05DD3E006BFB54 /* Debug */,
				1D6058950D05DD3E006BFB54 /* Release */,
			);
			defaultConfigurationIsVisible = 0;
			defaultConfigurationName = Release;
		};
		30EE2D19112096A2002FAEB8 /* Build configuration list for PBXNativeTarget "tetest-iPad" */ = {
			isa = XCConfigurationList;
			buildConfigurations = (
				30EE2D1A112096A2002FAEB8 /* Debug */,
				30EE2D1B112096A2002FAEB8 /* Release */,
			);
			defaultConfigurationIsVisible = 0;
			defaultConfigurationName = Release;
		};
		C01FCF4E08A954540054247B /* Build configuration list for PBXProject "teTouchSDK" */ = {
			isa = XCConfigurationList;
			buildConfigurations = (
				C01FCF4F08A954540054247B /* Debug */,
				C01FCF5008A954540054247B /* Release */,
			);
			defaultConfigurationIsVisible = 0;
			defaultConfigurationName = Release;
		};
/* End XCConfigurationList section */
	};
	rootObject = 29B97313FDCFA39411CA2CEA /* Project object */;
}
