// !$*UTF8*$!
{
	archiveVersion = 1;
	classes = {
	};
	objectVersion = 52;
	objects = {

/* Begin PBXBuildFile section */
		30EC619A25DDBF0C00901590 /* TextExpander.xcframework in Frameworks */ = {isa = PBXBuildFile; fileRef = 30EC619925DDBF0C00901590 /* TextExpander.xcframework */; };
		30EC619B25DDBF0C00901590 /* TextExpander.xcframework in Embed Frameworks */ = {isa = PBXBuildFile; fileRef = 30EC619925DDBF0C00901590 /* TextExpander.xcframework */; settings = {ATTRIBUTES = (CodeSignOnCopy, RemoveHeadersOnCopy, ); }; };
		30F5F16F1D443571005B8F7B /* AppDelegate.swift in Sources */ = {isa = PBXBuildFile; fileRef = 30F5F16E1D443571005B8F7B /* AppDelegate.swift */; };
		30F5F1711D443571005B8F7B /* SMFirstViewController.swift in Sources */ = {isa = PBXBuildFile; fileRef = 30F5F1701D443571005B8F7B /* SMFirstViewController.swift */; };
		30F5F1731D443571005B8F7B /* SMSecondViewController.swift in Sources */ = {isa = PBXBuildFile; fileRef = 30F5F1721D443571005B8F7B /* SMSecondViewController.swift */; };
		30F5F1761D443571005B8F7B /* Main.storyboard in Resources */ = {isa = PBXBuildFile; fileRef = 30F5F1741D443571005B8F7B /* Main.storyboard */; };
		30F5F1781D443571005B8F7B /* Assets.xcassets in Resources */ = {isa = PBXBuildFile; fileRef = 30F5F1771D443571005B8F7B /* Assets.xcassets */; };
		30F5F17B1D443571005B8F7B /* LaunchScreen.storyboard in Resources */ = {isa = PBXBuildFile; fileRef = 30F5F1791D443571005B8F7B /* LaunchScreen.storyboard */; };
		30F5F1851D450B11005B8F7B /* SMSettingsViewController.swift in Sources */ = {isa = PBXBuildFile; fileRef = 30F5F1841D450B11005B8F7B /* SMSettingsViewController.swift */; };
		30F5F1871D450D53005B8F7B /* SMConstants.swift in Sources */ = {isa = PBXBuildFile; fileRef = 30F5F1861D450D53005B8F7B /* SMConstants.swift */; };
		30F5F18B1D4578D6005B8F7B /* SMSwiftWorkarounds.m in Sources */ = {isa = PBXBuildFile; fileRef = 30F5F18A1D4578D6005B8F7B /* SMSwiftWorkarounds.m */; };
		30F5F1911D458665005B8F7B /* SMTextExpanderViewController.swift in Sources */ = {isa = PBXBuildFile; fileRef = 30F5F1901D458665005B8F7B /* SMTextExpanderViewController.swift */; };
		30F5F1931D458A70005B8F7B /* SMThirdViewController.swift in Sources */ = {isa = PBXBuildFile; fileRef = 30F5F1921D458A70005B8F7B /* SMThirdViewController.swift */; };
/* End PBXBuildFile section */

/* Begin PBXCopyFilesBuildPhase section */
		305E321F236B985600B56978 /* Embed Frameworks */ = {
			isa = PBXCopyFilesBuildPhase;
			buildActionMask = 2147483647;
			dstPath = "";
			dstSubfolderSpec = 10;
			files = (
				30EC619B25DDBF0C00901590 /* TextExpander.xcframework in Embed Frameworks */,
			);
			name = "Embed Frameworks";
			runOnlyForDeploymentPostprocessing = 0;
		};
/* End PBXCopyFilesBuildPhase section */

/* Begin PBXFileReference section */
		30EC619925DDBF0C00901590 /* TextExpander.xcframework */ = {isa = PBXFileReference; lastKnownFileType = wrapper.xcframework; path = TextExpander.xcframework; sourceTree = "<group>"; };
		30F5F16B1D443571005B8F7B /* TextExpanderDemoAppSwift.app */ = {isa = PBXFileReference; explicitFileType = wrapper.application; includeInIndex = 0; path = TextExpanderDemoAppSwift.app; sourceTree = BUILT_PRODUCTS_DIR; };
		30F5F16E1D443571005B8F7B /* AppDelegate.swift */ = {isa = PBXFileReference; lastKnownFileType = sourcecode.swift; path = AppDelegate.swift; sourceTree = "<group>"; };
		30F5F1701D443571005B8F7B /* SMFirstViewController.swift */ = {isa = PBXFileReference; lastKnownFileType = sourcecode.swift; path = SMFirstViewController.swift; sourceTree = "<group>"; };
		30F5F1721D443571005B8F7B /* SMSecondViewController.swift */ = {isa = PBXFileReference; lastKnownFileType = sourcecode.swift; path = SMSecondViewController.swift; sourceTree = "<group>"; };
		30F5F1751D443571005B8F7B /* Base */ = {isa = PBXFileReference; lastKnownFileType = file.storyboard; name = Base; path = Base.lproj/Main.storyboard; sourceTree = "<group>"; };
		30F5F1771D443571005B8F7B /* Assets.xcassets */ = {isa = PBXFileReference; lastKnownFileType = folder.assetcatalog; path = Assets.xcassets; sourceTree = "<group>"; };
		30F5F17A1D443571005B8F7B /* Base */ = {isa = PBXFileReference; lastKnownFileType = file.storyboard; name = Base; path = Base.lproj/LaunchScreen.storyboard; sourceTree = "<group>"; };
		30F5F17C1D443571005B8F7B /* Info.plist */ = {isa = PBXFileReference; lastKnownFileType = text.plist.xml; path = Info.plist; sourceTree = "<group>"; };
		30F5F1841D450B11005B8F7B /* SMSettingsViewController.swift */ = {isa = PBXFileReference; fileEncoding = 4; lastKnownFileType = sourcecode.swift; path = SMSettingsViewController.swift; sourceTree = "<group>"; };
		30F5F1861D450D53005B8F7B /* SMConstants.swift */ = {isa = PBXFileReference; fileEncoding = 4; lastKnownFileType = sourcecode.swift; path = SMConstants.swift; sourceTree = "<group>"; };
		30F5F1881D4578D6005B8F7B /* TextExpanderDemoAppSwift-Bridging-Header.h */ = {isa = PBXFileReference; lastKnownFileType = sourcecode.c.h; path = "TextExpanderDemoAppSwift-Bridging-Header.h"; sourceTree = "<group>"; };
		30F5F1891D4578D6005B8F7B /* SMSwiftWorkarounds.h */ = {isa = PBXFileReference; fileEncoding = 4; lastKnownFileType = sourcecode.c.h; path = SMSwiftWorkarounds.h; sourceTree = "<group>"; };
		30F5F18A1D4578D6005B8F7B /* SMSwiftWorkarounds.m */ = {isa = PBXFileReference; fileEncoding = 4; lastKnownFileType = sourcecode.c.objc; path = SMSwiftWorkarounds.m; sourceTree = "<group>"; };
		30F5F1901D458665005B8F7B /* SMTextExpanderViewController.swift */ = {isa = PBXFileReference; fileEncoding = 4; lastKnownFileType = sourcecode.swift; path = SMTextExpanderViewController.swift; sourceTree = "<group>"; };
		30F5F1921D458A70005B8F7B /* SMThirdViewController.swift */ = {isa = PBXFileReference; fileEncoding = 4; lastKnownFileType = sourcecode.swift; path = SMThirdViewController.swift; sourceTree = "<group>"; };
/* End PBXFileReference section */

/* Begin PBXFrameworksBuildPhase section */
		30F5F1681D443571005B8F7B /* Frameworks */ = {
			isa = PBXFrameworksBuildPhase;
			buildActionMask = 2147483647;
			files = (
				30EC619A25DDBF0C00901590 /* TextExpander.xcframework in Frameworks */,
			);
			runOnlyForDeploymentPostprocessing = 0;
		};
/* End PBXFrameworksBuildPhase section */

/* Begin PBXGroup section */
		30EC619825DDBF0C00901590 /* Frameworks */ = {
			isa = PBXGroup;
			children = (
				30EC619925DDBF0C00901590 /* TextExpander.xcframework */,
			);
			name = Frameworks;
			sourceTree = "<group>";
		};
		30F5F1621D443571005B8F7B = {
			isa = PBXGroup;
			children = (
				30F5F16D1D443571005B8F7B /* TextExpanderDemoAppSwift */,
				30F5F16C1D443571005B8F7B /* Products */,
				30EC619825DDBF0C00901590 /* Frameworks */,
			);
			sourceTree = "<group>";
		};
		30F5F16C1D443571005B8F7B /* Products */ = {
			isa = PBXGroup;
			children = (
				30F5F16B1D443571005B8F7B /* TextExpanderDemoAppSwift.app */,
			);
			name = Products;
			sourceTree = "<group>";
		};
		30F5F16D1D443571005B8F7B /* TextExpanderDemoAppSwift */ = {
			isa = PBXGroup;
			children = (
				30F5F16E1D443571005B8F7B /* AppDelegate.swift */,
				30F5F1861D450D53005B8F7B /* SMConstants.swift */,
				30F5F1701D443571005B8F7B /* SMFirstViewController.swift */,
				30F5F1721D443571005B8F7B /* SMSecondViewController.swift */,
				30F5F1921D458A70005B8F7B /* SMThirdViewController.swift */,
				30F5F1841D450B11005B8F7B /* SMSettingsViewController.swift */,
				30F5F1901D458665005B8F7B /* SMTextExpanderViewController.swift */,
				30F5F1891D4578D6005B8F7B /* SMSwiftWorkarounds.h */,
				30F5F18A1D4578D6005B8F7B /* SMSwiftWorkarounds.m */,
				30F5F1741D443571005B8F7B /* Main.storyboard */,
				30F5F1771D443571005B8F7B /* Assets.xcassets */,
				30F5F1791D443571005B8F7B /* LaunchScreen.storyboard */,
				30F5F17C1D443571005B8F7B /* Info.plist */,
				30F5F1881D4578D6005B8F7B /* TextExpanderDemoAppSwift-Bridging-Header.h */,
			);
			path = TextExpanderDemoAppSwift;
			sourceTree = "<group>";
		};
/* End PBXGroup section */

/* Begin PBXNativeTarget section */
		30F5F16A1D443571005B8F7B /* TextExpanderDemoAppSwift */ = {
			isa = PBXNativeTarget;
			buildConfigurationList = 30F5F17F1D443571005B8F7B /* Build configuration list for PBXNativeTarget "TextExpanderDemoAppSwift" */;
			buildPhases = (
				30F5F1671D443571005B8F7B /* Sources */,
				30F5F1681D443571005B8F7B /* Frameworks */,
				30F5F1691D443571005B8F7B /* Resources */,
				305E321F236B985600B56978 /* Embed Frameworks */,
			);
			buildRules = (
			);
			dependencies = (
			);
			name = TextExpanderDemoAppSwift;
			productName = TextExpanderDemoAppSwift;
			productReference = 30F5F16B1D443571005B8F7B /* TextExpanderDemoAppSwift.app */;
			productType = "com.apple.product-type.application";
		};
/* End PBXNativeTarget section */

/* Begin PBXProject section */
		30F5F1631D443571005B8F7B /* Project object */ = {
			isa = PBXProject;
			attributes = {
				LastSwiftUpdateCheck = 0730;
				LastUpgradeCheck = 0730;
				ORGANIZATIONNAME = "SmileOnMyMac, LLC";
				TargetAttributes = {
					30F5F16A1D443571005B8F7B = {
						CreatedOnToolsVersion = 7.3.1;
						DevelopmentTeam = 7PKJ6G4DXL;
					};
				};
			};
			buildConfigurationList = 30F5F1661D443571005B8F7B /* Build configuration list for PBXProject "TextExpanderDemoAppSwift" */;
			compatibilityVersion = "Xcode 3.2";
			developmentRegion = English;
			hasScannedForEncodings = 0;
			knownRegions = (
				English,
				en,
				Base,
			);
			mainGroup = 30F5F1621D443571005B8F7B;
			productRefGroup = 30F5F16C1D443571005B8F7B /* Products */;
			projectDirPath = "";
			projectRoot = "";
			targets = (
				30F5F16A1D443571005B8F7B /* TextExpanderDemoAppSwift */,
			);
		};
/* End PBXProject section */

/* Begin PBXResourcesBuildPhase section */
		30F5F1691D443571005B8F7B /* Resources */ = {
			isa = PBXResourcesBuildPhase;
			buildActionMask = 2147483647;
			files = (
				30F5F17B1D443571005B8F7B /* LaunchScreen.storyboard in Resources */,
				30F5F1781D443571005B8F7B /* Assets.xcassets in Resources */,
				30F5F1761D443571005B8F7B /* Main.storyboard in Resources */,
			);
			runOnlyForDeploymentPostprocessing = 0;
		};
/* End PBXResourcesBuildPhase section */

/* Begin PBXSourcesBuildPhase section */
		30F5F1671D443571005B8F7B /* Sources */ = {
			isa = PBXSourcesBuildPhase;
			buildActionMask = 2147483647;
			files = (
				30F5F1931D458A70005B8F7B /* SMThirdViewController.swift in Sources */,
				30F5F1731D443571005B8F7B /* SMSecondViewController.swift in Sources */,
				30F5F18B1D4578D6005B8F7B /* SMSwiftWorkarounds.m in Sources */,
				30F5F1851D450B11005B8F7B /* SMSettingsViewController.swift in Sources */,
				30F5F16F1D443571005B8F7B /* AppDelegate.swift in Sources */,
				30F5F1911D458665005B8F7B /* SMTextExpanderViewController.swift in Sources */,
				30F5F1871D450D53005B8F7B /* SMConstants.swift in Sources */,
				30F5F1711D443571005B8F7B /* SMFirstViewController.swift in Sources */,
			);
			runOnlyForDeploymentPostprocessing = 0;
		};
/* End PBXSourcesBuildPhase section */

/* Begin PBXVariantGroup section */
		30F5F1741D443571005B8F7B /* Main.storyboard */ = {
			isa = PBXVariantGroup;
			children = (
				30F5F1751D443571005B8F7B /* Base */,
			);
			name = Main.storyboard;
			sourceTree = "<group>";
		};
		30F5F1791D443571005B8F7B /* LaunchScreen.storyboard */ = {
			isa = PBXVariantGroup;
			children = (
				30F5F17A1D443571005B8F7B /* Base */,
			);
			name = LaunchScreen.storyboard;
			sourceTree = "<group>";
		};
/* End PBXVariantGroup section */

/* Begin XCBuildConfiguration section */
		30F5F17D1D443571005B8F7B /* Debug */ = {
			isa = XCBuildConfiguration;
			buildSettings = {
				ALWAYS_SEARCH_USER_PATHS = NO;
				CLANG_ANALYZER_NONNULL = YES;
				CLANG_CXX_LANGUAGE_STANDARD = "gnu++0x";
				CLANG_CXX_LIBRARY = "libc++";
				CLANG_ENABLE_MODULES = YES;
				CLANG_ENABLE_OBJC_ARC = YES;
				CLANG_WARN_BOOL_CONVERSION = YES;
				CLANG_WARN_CONSTANT_CONVERSION = YES;
				CLANG_WARN_DIRECT_OBJC_ISA_USAGE = YES_ERROR;
				CLANG_WARN_EMPTY_BODY = YES;
				CLANG_WARN_ENUM_CONVERSION = YES;
				CLANG_WARN_INT_CONVERSION = YES;
				CLANG_WARN_OBJC_ROOT_CLASS = YES_ERROR;
				CLANG_WARN_UNREACHABLE_CODE = YES;
				CLANG_WARN__DUPLICATE_METHOD_MATCH = YES;
				"CODE_SIGN_IDENTITY[sdk=iphoneos*]" = "iPhone Developer";
				COPY_PHASE_STRIP = NO;
				DEBUG_INFORMATION_FORMAT = dwarf;
				ENABLE_STRICT_OBJC_MSGSEND = YES;
				ENABLE_TESTABILITY = YES;
				GCC_C_LANGUAGE_STANDARD = gnu99;
				GCC_DYNAMIC_NO_PIC = NO;
				GCC_NO_COMMON_BLOCKS = YES;
				GCC_OPTIMIZATION_LEVEL = 0;
				GCC_PREPROCESSOR_DEFINITIONS = (
					"DEBUG=1",
					"$(inherited)",
				);
				GCC_WARN_64_TO_32_BIT_CONVERSION = YES;
				GCC_WARN_ABOUT_RETURN_TYPE = YES_ERROR;
				GCC_WARN_UNDECLARED_SELECTOR = YES;
				GCC_WARN_UNINITIALIZED_AUTOS = YES_AGGRESSIVE;
				GCC_WARN_UNUSED_FUNCTION = YES;
				GCC_WARN_UNUSED_VARIABLE = YES;
				IPHONEOS_DEPLOYMENT_TARGET = 9.3;
				MTL_ENABLE_DEBUG_INFO = YES;
				ONLY_ACTIVE_ARCH = YES;
				SDKROOT = iphoneos;
				SWIFT_OPTIMIZATION_LEVEL = "-Onone";
				TARGETED_DEVICE_FAMILY = "1,2";
			};
			name = Debug;
		};
		30F5F17E1D443571005B8F7B /* Release */ = {
			isa = XCBuildConfiguration;
			buildSettings = {
				ALWAYS_SEARCH_USER_PATHS = NO;
				CLANG_ANALYZER_NONNULL = YES;
				CLANG_CXX_LANGUAGE_STANDARD = "gnu++0x";
				CLANG_CXX_LIBRARY = "libc++";
				CLANG_ENABLE_MODULES = YES;
				CLANG_ENABLE_OBJC_ARC = YES;
				CLANG_WARN_BOOL_CONVERSION = YES;
				CLANG_WARN_CONSTANT_CONVERSION = YES;
				CLANG_WARN_DIRECT_OBJC_ISA_USAGE = YES_ERROR;
				CLANG_WARN_EMPTY_BODY = YES;
				CLANG_WARN_ENUM_CONVERSION = YES;
				CLANG_WARN_INT_CONVERSION = YES;
				CLANG_WARN_OBJC_ROOT_CLASS = YES_ERROR;
				CLANG_WARN_UNREACHABLE_CODE = YES;
				CLANG_WARN__DUPLICATE_METHOD_MATCH = YES;
				"CODE_SIGN_IDENTITY[sdk=iphoneos*]" = "iPhone Developer";
				COPY_PHASE_STRIP = NO;
				DEBUG_INFORMATION_FORMAT = "dwarf-with-dsym";
				ENABLE_NS_ASSERTIONS = NO;
				ENABLE_STRICT_OBJC_MSGSEND = YES;
				GCC_C_LANGUAGE_STANDARD = gnu99;
				GCC_NO_COMMON_BLOCKS = YES;
				GCC_WARN_64_TO_32_BIT_CONVERSION = YES;
				GCC_WARN_ABOUT_RETURN_TYPE = YES_ERROR;
				GCC_WARN_UNDECLARED_SELECTOR = YES;
				GCC_WARN_UNINITIALIZED_AUTOS = YES_AGGRESSIVE;
				GCC_WARN_UNUSED_FUNCTION = YES;
				GCC_WARN_UNUSED_VARIABLE = YES;
				IPHONEOS_DEPLOYMENT_TARGET = 9.3;
				MTL_ENABLE_DEBUG_INFO = NO;
				SDKROOT = iphoneos;
				TARGETED_DEVICE_FAMILY = "1,2";
				VALIDATE_PRODUCT = YES;
			};
			name = Release;
		};
		30F5F1801D443571005B8F7B /* Debug */ = {
			isa = XCBuildConfiguration;
			buildSettings = {
				ASSETCATALOG_COMPILER_APPICON_NAME = AppIcon;
				CLANG_ENABLE_MODULES = YES;
				DEVELOPMENT_TEAM = 7PKJ6G4DXL;
				FRAMEWORK_SEARCH_PATHS = (
					"${SOURCE_ROOT}",
					"$(PROJECT_DIR)",
				);
				INFOPLIST_FILE = TextExpanderDemoAppSwift/Info.plist;
				IPHONEOS_DEPLOYMENT_TARGET = 11.0;
				LD_RUNPATH_SEARCH_PATHS = (
					"$(inherited)",
					"@executable_path/Frameworks",
				);
				PRODUCT_BUNDLE_IDENTIFIER = com.smileonmymac.TextExpanderDemoAppSwift;
				PRODUCT_NAME = "$(TARGET_NAME)";
				SWIFT_OBJC_BRIDGING_HEADER = "TextExpanderDemoAppSwift/TextExpanderDemoAppSwift-Bridging-Header.h";
				SWIFT_OPTIMIZATION_LEVEL = "-Onone";
				SWIFT_VERSION = 4.2;
			};
			name = Debug;
		};
		30F5F1811D443571005B8F7B /* Release */ = {
			isa = XCBuildConfiguration;
			buildSettings = {
				ASSETCATALOG_COMPILER_APPICON_NAME = AppIcon;
				CLANG_ENABLE_MODULES = YES;
				DEVELOPMENT_TEAM = 7PKJ6G4DXL;
				FRAMEWORK_SEARCH_PATHS = (
					"${SOURCE_ROOT}",
					"$(PROJECT_DIR)",
				);
				INFOPLIST_FILE = TextExpanderDemoAppSwift/Info.plist;
				IPHONEOS_DEPLOYMENT_TARGET = 11.0;
				LD_RUNPATH_SEARCH_PATHS = (
					"$(inherited)",
					"@executable_path/Frameworks",
				);
				PRODUCT_BUNDLE_IDENTIFIER = com.smileonmymac.TextExpanderDemoAppSwift;
				PRODUCT_NAME = "$(TARGET_NAME)";
				SWIFT_OBJC_BRIDGING_HEADER = "TextExpanderDemoAppSwift/TextExpanderDemoAppSwift-Bridging-Header.h";
				SWIFT_VERSION = 4.2;
			};
			name = Release;
		};
/* End XCBuildConfiguration section */

/* Begin XCConfigurationList section */
		30F5F1661D443571005B8F7B /* Build configuration list for PBXProject "TextExpanderDemoAppSwift" */ = {
			isa = XCConfigurationList;
			buildConfigurations = (
				30F5F17D1D443571005B8F7B /* Debug */,
				30F5F17E1D443571005B8F7B /* Release */,
			);
			defaultConfigurationIsVisible = 0;
			defaultConfigurationName = Release;
		};
		30F5F17F1D443571005B8F7B /* Build configuration list for PBXNativeTarget "TextExpanderDemoAppSwift" */ = {
			isa = XCConfigurationList;
			buildConfigurations = (
				30F5F1801D443571005B8F7B /* Debug */,
				30F5F1811D443571005B8F7B /* Release */,
			);
			defaultConfigurationIsVisible = 0;
			defaultConfigurationName = Release;
		};
/* End XCConfigurationList section */
	};
	rootObject = 30F5F1631D443571005B8F7B /* Project object */;
}
